
Microsoft Visual Studio Solution File, Format Version 12.00
# Visual Studio 15
VisualStudioVersion = 15.0.27004.2005
MinimumVisualStudioVersion = 10.0.40219.1
Project("{888888A0-9F3D-457C-B088-3A5042F75D52}") = "TDP_Progetto2", "TDP_Progetto2.pyproj", "{1F38AA17-1800-4440-938C-30186D0C0D2F}"
EndProject
Global
	GlobalSection(SolutionConfigurationPlatforms) = preSolution
		Debug|Any CPU = Debug|Any CPU
		Release|Any CPU = Release|Any CPU
	EndGlobalSection
	GlobalSection(ProjectConfigurationPlatforms) = postSolution
		{1F38AA17-1800-4440-938C-30186D0C0D2F}.Debug|Any CPU.ActiveCfg = Debug|Any CPU
		{1F38AA17-1800-4440-938C-30186D0C0D2F}.Release|Any CPU.ActiveCfg = Release|Any CPU
	EndGlobalSection
	GlobalSection(SolutionProperties) = preSolution
		HideSolutionNode = FALSE
	EndGlobalSection
	GlobalSection(ExtensibilityGlobals) = postSolution
		SolutionGuid = {1893E0BE-0AD3-4794-B0FC-61399E601C92}
	EndGlobalSection
EndGlobal
